
Microsoft Visual Studio Solution File, Format Version 11.00
# Visual Studio 2010
Project("{FAE04EC0-301F-11D3-BF4B-00C04F79EFBC}") = "LD24Jam", "LD24Jam.Windows.csproj", "{368BC40F-565E-4365-B9D8-555A13EBB36B}"
EndProject
Global
	GlobalSection(SolutionConfigurationPlatforms) = preSolution
		Debug|x86 = Debug|x86
		Release|x86 = Release|x86
	EndGlobalSection
	GlobalSection(ProjectConfigurationPlatforms) = postSolution
		{368BC40F-565E-4365-B9D8-555A13EBB36B}.Debug|x86.ActiveCfg = Debug|x86
		{368BC40F-565E-4365-B9D8-555A13EBB36B}.Debug|x86.Build.0 = Debug|x86
		{368BC40F-565E-4365-B9D8-555A13EBB36B}.Release|x86.ActiveCfg = Release|x86
		{368BC40F-565E-4365-B9D8-555A13EBB36B}.Release|x86.Build.0 = Release|x86
	EndGlobalSection
	GlobalSection(SolutionProperties) = preSolution
		HideSolutionNode = FALSE
	EndGlobalSection
EndGlobal
